{
  "name": "backend",
  "version": "1.0.0",
  "lockfileVersion": 3,
  "requires": true,
  "packages": {
    "": {
      "name": "backend",
      "version": "1.0.0",
      "private": true,
      "devDependencies": {
        "@nomicfoundation/hardhat-toolbox": "^5.0.0",
        "dotenv": "^16.4.5",
        "hardhat": "^2.22.6"
      }
    }
  },
  "dependencies": {
    "@nomicfoundation/hardhat-toolbox": {
      "version": "^5.0.0",
      "requires": {}
    },
    "dotenv": {
      "version": "^16.4.5",
      "requires": {}
    },
    "hardhat": {
      "version": "^2.22.6",
      "requires": {}
    }
  }
}
